
Microsoft Visual Studio Solution File, Format Version 12.00
# Visual Studio Version 17
VisualStudioVersion = 17.9.34728.123
MinimumVisualStudioVersion = 10.0.40219.1
Project("{FAE04EC0-301F-11D3-BF4B-00C04F79EFBC}") = "GrpcGreeter", "GrpcGreeter\GrpcGreeter.csproj", "{DA277768-8689-433E-9FFB-A714E4548AEE}"
EndProject
Project("{FAE04EC0-301F-11D3-BF4B-00C04F79EFBC}") = "GrpcGreeterClient", "GrpcGreeterClient\GrpcGreeterClient.csproj", "{44252B7B-CC6C-48B9-BD46-18FBB4ED7FAD}"
EndProject
Global
	GlobalSection(SolutionConfigurationPlatforms) = preSolution
		Debug|Any CPU = Debug|Any CPU
		Release|Any CPU = Release|Any CPU
	EndGlobalSection
	GlobalSection(ProjectConfigurationPlatforms) = postSolution
		{DA277768-8689-433E-9FFB-A714E4548AEE}.Debug|Any CPU.ActiveCfg = Debug|Any CPU
		{DA277768-8689-433E-9FFB-A714E4548AEE}.Debug|Any CPU.Build.0 = Debug|Any CPU
		{DA277768-8689-433E-9FFB-A714E4548AEE}.Release|Any CPU.ActiveCfg = Release|Any CPU
		{DA277768-8689-433E-9FFB-A714E4548AEE}.Release|Any CPU.Build.0 = Release|Any CPU
		{44252B7B-CC6C-48B9-BD46-18FBB4ED7FAD}.Debug|Any CPU.ActiveCfg = Debug|Any CPU
		{44252B7B-CC6C-48B9-BD46-18FBB4ED7FAD}.Debug|Any CPU.Build.0 = Debug|Any CPU
		{44252B7B-CC6C-48B9-BD46-18FBB4ED7FAD}.Release|Any CPU.ActiveCfg = Release|Any CPU
		{44252B7B-CC6C-48B9-BD46-18FBB4ED7FAD}.Release|Any CPU.Build.0 = Release|Any CPU
	EndGlobalSection
	GlobalSection(SolutionProperties) = preSolution
		HideSolutionNode = FALSE
	EndGlobalSection
	GlobalSection(ExtensibilityGlobals) = postSolution
		SolutionGuid = {D9F83DD4-ECD2-472D-8DCC-FCB242B38555}
	EndGlobalSection
EndGlobal
